
Microsoft Visual Studio Solution File, Format Version 12.00
# Visual Studio 15
VisualStudioVersion = 15.0.26730.15
MinimumVisualStudioVersion = 10.0.40219.1
Project("{FAE04EC0-301F-11D3-BF4B-00C04F79EFBC}") = "OlaMundo2", "OlaMundo2\OlaMundo2.csproj", "{8D835846-430D-4A91-BB9A-B0DAD6ECA7DC}"
EndProject
Global
	GlobalSection(SolutionConfigurationPlatforms) = preSolution
		Debug|Any CPU = Debug|Any CPU
		Release|Any CPU = Release|Any CPU
	EndGlobalSection
	GlobalSection(ProjectConfigurationPlatforms) = postSolution
		{8D835846-430D-4A91-BB9A-B0DAD6ECA7DC}.Debug|Any CPU.ActiveCfg = Debug|Any CPU
		{8D835846-430D-4A91-BB9A-B0DAD6ECA7DC}.Debug|Any CPU.Build.0 = Debug|Any CPU
		{8D835846-430D-4A91-BB9A-B0DAD6ECA7DC}.Release|Any CPU.ActiveCfg = Release|Any CPU
		{8D835846-430D-4A91-BB9A-B0DAD6ECA7DC}.Release|Any CPU.Build.0 = Release|Any CPU
	EndGlobalSection
	GlobalSection(SolutionProperties) = preSolution
		HideSolutionNode = FALSE
	EndGlobalSection
	GlobalSection(ExtensibilityGlobals) = postSolution
		SolutionGuid = {DEA94AA0-CE37-4254-802C-0B839C661485}
	EndGlobalSection
EndGlobal
